
Microsoft Visual Studio Solution File, Format Version 12.00
# Visual Studio 15
VisualStudioVersion = 15.0.28307.960
MinimumVisualStudioVersion = 10.0.40219.1
Project("{8BC9CEB8-8B4A-11D0-8D11-00A0C91BC942}") = "Lab1", "Lab1\Lab1.vcxproj", "{1038B19B-E377-4F8C-B489-8EB411087DDF}"
EndProject
Global
	GlobalSection(SolutionConfigurationPlatforms) = preSolution
		Debug|x64 = Debug|x64
		Debug|x86 = Debug|x86
		Release|x64 = Release|x64
		Release|x86 = Release|x86
	EndGlobalSection
	GlobalSection(ProjectConfigurationPlatforms) = postSolution
		{1038B19B-E377-4F8C-B489-8EB411087DDF}.Debug|x64.ActiveCfg = Debug|x64
		{1038B19B-E377-4F8C-B489-8EB411087DDF}.Debug|x64.Build.0 = Debug|x64
		{1038B19B-E377-4F8C-B489-8EB411087DDF}.Debug|x86.ActiveCfg = Debug|Win32
		{1038B19B-E377-4F8C-B489-8EB411087DDF}.Debug|x86.Build.0 = Debug|Win32
		{1038B19B-E377-4F8C-B489-8EB411087DDF}.Release|x64.ActiveCfg = Release|x64
		{1038B19B-E377-4F8C-B489-8EB411087DDF}.Release|x64.Build.0 = Release|x64
		{1038B19B-E377-4F8C-B489-8EB411087DDF}.Release|x86.ActiveCfg = Release|Win32
		{1038B19B-E377-4F8C-B489-8EB411087DDF}.Release|x86.Build.0 = Release|Win32
	EndGlobalSection
	GlobalSection(SolutionProperties) = preSolution
		HideSolutionNode = FALSE
	EndGlobalSection
	GlobalSection(ExtensibilityGlobals) = postSolution
		SolutionGuid = {FC6585DE-B62C-4ACD-8B89-380061C5C8ED}
	EndGlobalSection
EndGlobal
